
Microsoft Visual Studio Solution File, Format Version 12.00
# Visual Studio 15
VisualStudioVersion = 15.0.28307.757
MinimumVisualStudioVersion = 10.0.40219.1
Project("{FAE04EC0-301F-11D3-BF4B-00C04F79EFBC}") = "OpenAndSaveFilesFormsApp", "OpenAndSaveFilesFormsApp\OpenAndSaveFilesFormsApp.csproj", "{786555CE-BBB1-4152-B9A1-349C411D39B5}"
EndProject
Global
	GlobalSection(SolutionConfigurationPlatforms) = preSolution
		Debug|Any CPU = Debug|Any CPU
		Release|Any CPU = Release|Any CPU
	EndGlobalSection
	GlobalSection(ProjectConfigurationPlatforms) = postSolution
		{786555CE-BBB1-4152-B9A1-349C411D39B5}.Debug|Any CPU.ActiveCfg = Debug|Any CPU
		{786555CE-BBB1-4152-B9A1-349C411D39B5}.Debug|Any CPU.Build.0 = Debug|Any CPU
		{786555CE-BBB1-4152-B9A1-349C411D39B5}.Release|Any CPU.ActiveCfg = Release|Any CPU
		{786555CE-BBB1-4152-B9A1-349C411D39B5}.Release|Any CPU.Build.0 = Release|Any CPU
	EndGlobalSection
	GlobalSection(SolutionProperties) = preSolution
		HideSolutionNode = FALSE
	EndGlobalSection
	GlobalSection(ExtensibilityGlobals) = postSolution
		SolutionGuid = {6E093AA5-DD40-421A-82A8-221FA9695DC5}
	EndGlobalSection
EndGlobal
