
Microsoft Visual Studio Solution File, Format Version 12.00
# Visual Studio 15
VisualStudioVersion = 15.0.28307.779
MinimumVisualStudioVersion = 10.0.40219.1
Project("{FAE04EC0-301F-11D3-BF4B-00C04F79EFBC}") = "SaveFile", "SaveFile\SaveFile.csproj", "{17DCD636-C305-46C1-9DD9-64412ADE8B15}"
EndProject
Global
	GlobalSection(SolutionConfigurationPlatforms) = preSolution
		Debug|Any CPU = Debug|Any CPU
		Release|Any CPU = Release|Any CPU
	EndGlobalSection
	GlobalSection(ProjectConfigurationPlatforms) = postSolution
		{17DCD636-C305-46C1-9DD9-64412ADE8B15}.Debug|Any CPU.ActiveCfg = Debug|Any CPU
		{17DCD636-C305-46C1-9DD9-64412ADE8B15}.Debug|Any CPU.Build.0 = Debug|Any CPU
		{17DCD636-C305-46C1-9DD9-64412ADE8B15}.Release|Any CPU.ActiveCfg = Release|Any CPU
		{17DCD636-C305-46C1-9DD9-64412ADE8B15}.Release|Any CPU.Build.0 = Release|Any CPU
	EndGlobalSection
	GlobalSection(SolutionProperties) = preSolution
		HideSolutionNode = FALSE
	EndGlobalSection
	GlobalSection(ExtensibilityGlobals) = postSolution
		SolutionGuid = {9403E5FC-660F-462C-8799-9423452EF1BF}
	EndGlobalSection
EndGlobal
