
Microsoft Visual Studio Solution File, Format Version 12.00
# Visual Studio 2013
VisualStudioVersion = 12.0.30501.0
MinimumVisualStudioVersion = 10.0.40219.1
Project("{FAE04EC0-301F-11D3-BF4B-00C04F79EFBC}") = "多线程list文件夹下的文件", "多线程list文件夹下的文件\多线程list文件夹下的文件.csproj", "{766F911E-F473-4A11-BE56-01DCB40861FC}"
EndProject
Global
	GlobalSection(SolutionConfigurationPlatforms) = preSolution
		Debug|Any CPU = Debug|Any CPU
		Release|Any CPU = Release|Any CPU
	EndGlobalSection
	GlobalSection(ProjectConfigurationPlatforms) = postSolution
		{766F911E-F473-4A11-BE56-01DCB40861FC}.Debug|Any CPU.ActiveCfg = Debug|Any CPU
		{766F911E-F473-4A11-BE56-01DCB40861FC}.Debug|Any CPU.Build.0 = Debug|Any CPU
		{766F911E-F473-4A11-BE56-01DCB40861FC}.Release|Any CPU.ActiveCfg = Release|Any CPU
		{766F911E-F473-4A11-BE56-01DCB40861FC}.Release|Any CPU.Build.0 = Release|Any CPU
	EndGlobalSection
	GlobalSection(SolutionProperties) = preSolution
		HideSolutionNode = FALSE
	EndGlobalSection
EndGlobal
